
Microsoft Visual Studio Solution File, Format Version 12.00
# Visual Studio 14
VisualStudioVersion = 14.0.25420.1
MinimumVisualStudioVersion = 10.0.40219.1
Project("{FAE04EC0-301F-11D3-BF4B-00C04F79EFBC}") = "IToast", "IToast\IToast.csproj", "{2C768A69-25CE-4CA4-A796-A3DFE362FC56}"
EndProject
Project("{FAE04EC0-301F-11D3-BF4B-00C04F79EFBC}") = "WebTest", "WebTest\WebTest.csproj", "{F6715A50-896D-446A-BF40-367A31FC9CFA}"
EndProject
Project("{FAE04EC0-301F-11D3-BF4B-00C04F79EFBC}") = "IToastUnitTestProject", "IToastUnitTestProject\IToastUnitTestProject.csproj", "{0B70429E-0AB2-47A8-8BFF-0DE15474A0A6}"
EndProject
Global
	GlobalSection(SolutionConfigurationPlatforms) = preSolution
		Debug|Any CPU = Debug|Any CPU
		Release|Any CPU = Release|Any CPU
	EndGlobalSection
	GlobalSection(ProjectConfigurationPlatforms) = postSolution
		{2C768A69-25CE-4CA4-A796-A3DFE362FC56}.Debug|Any CPU.ActiveCfg = Debug|Any CPU
		{2C768A69-25CE-4CA4-A796-A3DFE362FC56}.Debug|Any CPU.Build.0 = Debug|Any CPU
		{2C768A69-25CE-4CA4-A796-A3DFE362FC56}.Release|Any CPU.ActiveCfg = Release|Any CPU
		{2C768A69-25CE-4CA4-A796-A3DFE362FC56}.Release|Any CPU.Build.0 = Release|Any CPU
		{F6715A50-896D-446A-BF40-367A31FC9CFA}.Debug|Any CPU.ActiveCfg = Debug|Any CPU
		{F6715A50-896D-446A-BF40-367A31FC9CFA}.Debug|Any CPU.Build.0 = Debug|Any CPU
		{F6715A50-896D-446A-BF40-367A31FC9CFA}.Release|Any CPU.ActiveCfg = Release|Any CPU
		{F6715A50-896D-446A-BF40-367A31FC9CFA}.Release|Any CPU.Build.0 = Release|Any CPU
		{0B70429E-0AB2-47A8-8BFF-0DE15474A0A6}.Debug|Any CPU.ActiveCfg = Debug|Any CPU
		{0B70429E-0AB2-47A8-8BFF-0DE15474A0A6}.Debug|Any CPU.Build.0 = Debug|Any CPU
		{0B70429E-0AB2-47A8-8BFF-0DE15474A0A6}.Release|Any CPU.ActiveCfg = Release|Any CPU
		{0B70429E-0AB2-47A8-8BFF-0DE15474A0A6}.Release|Any CPU.Build.0 = Release|Any CPU
	EndGlobalSection
	GlobalSection(SolutionProperties) = preSolution
		HideSolutionNode = FALSE
	EndGlobalSection
	GlobalSection(ExtensibilityGlobals) = postSolution
		SolutionGuid = {78687E7F-74B7-4D07-938B-AAA9948ED054}
	EndGlobalSection
EndGlobal
